{
    "_readme": [
        "This file locks the dependencies of your project to a known state",
        "Read more about it at https://getcomposer.org/doc/01-basic-usage.md#composer-lock-the-lock-file",
        "This file is @generated automatically"
    ],
    "hash": "a8347f81306b7f77291e2baebaf75b62",
    "packages": [
        {
            "name": "fail-whale/fail-whale",
            "version": "0.1",
            "source": {
                "type": "git",
                "url": "https://github.com/jesseschalken/fail-whale.git",
                "reference": "60c76ea36b66268eb4f32f2a193253326586352e"
            },
            "dist": {
                "type": "zip",
                "url": "https://api.github.com/repos/jesseschalken/fail-whale/zipball/60c76ea36b66268eb4f32f2a193253326586352e",
                "reference": "60c76ea36b66268eb4f32f2a193253326586352e",
                "shasum": ""
            },
            "require-dev": {
                "phpunit/phpunit": "*"
            },
            "type": "library",
            "autoload": {
                "classmap": [
                    "src/"
                ]
            },
            "notification-url": "https://packagist.org/downloads/",
            "license": [
                "MIT"
            ],
            "authors": [
                {
                    "name": "Jesse Schalken",
                    "email": "me@jesseschalken.com"
                }
            ],
            "description": "A robust error handler and pretty printer for PHP",
            "time": "2015-04-28 02:04:27"
        },
        {
            "name": "ivt/assert",
            "version": "0.1.2",
            "source": {
                "type": "git",
                "url": "git@github.com:ivt/assert.git",
                "reference": "88e5dc75d1e85c86a8d1eb65ad4e00bab59899b8"
            },
            "dist": {
                "type": "zip",
                "url": "https://api.github.com/repos/ivt/assert/zipball/88e5dc75d1e85c86a8d1eb65ad4e00bab59899b8",
                "reference": "88e5dc75d1e85c86a8d1eb65ad4e00bab59899b8",
                "shasum": ""
            },
            "require": {
                "fail-whale/fail-whale": "^0.1.0"
            },
            "type": "library",
            "autoload": {
                "classmap": [
                    "src/"
                ]
            },
            "description": "Assertions for specific types, returning input value to reduce temporary variables",
            "support": {
                "source": "https://github.com/ivt/assert/tree/master",
                "issues": "https://github.com/ivt/assert/issues"
            },
            "time": "2015-09-07 06:19:16"
        }
    ],
    "packages-dev": [],
    "aliases": [],
    "minimum-stability": "stable",
    "stability-flags": [],
    "prefer-stable": false,
    "prefer-lowest": false,
    "platform": [],
    "platform-dev": []
}
